
Microsoft Visual Studio Solution File, Format Version 12.00
# Visual Studio Version 16
VisualStudioVersion = 16.0.31702.278
MinimumVisualStudioVersion = 10.0.40219.1
Project("{9A19103F-16F7-4668-BE54-9A1E7A4F7556}") = "LegendArena.WebApi", "LegendArenaBlazor\Server\LegendArena.WebApi.csproj", "{E4C14D6E-C13A-410F-836E-036D3F99013E}"
EndProject
Project("{9A19103F-16F7-4668-BE54-9A1E7A4F7556}") = "LegendArena.Blazor", "LegendArenaBlazor\Client\LegendArena.Blazor.csproj", "{C62920AC-63FE-48DE-B8B3-961D02B26286}"
EndProject
Project("{9A19103F-16F7-4668-BE54-9A1E7A4F7556}") = "LegendArena.Model", "LegendArenaBlazor\Shared\LegendArena.Model.csproj", "{15AE42FC-79A9-493A-A9EC-94D15CEC84C4}"
EndProject
Project("{9A19103F-16F7-4668-BE54-9A1E7A4F7556}") = "LegendArena.BusinessLogic", "LegendArena.BusinessLogic\LegendArena.BusinessLogic.csproj", "{06BAC925-67DA-4DEC-B150-8F45685B410F}"
EndProject
Project("{00D1A9C2-B5F0-4AF3-8072-F6C62B433612}") = "LegendArena.Sql", "LegendArena.Sql\LegendArena.Sql.sqlproj", "{8EE3453A-C06F-42EA-B62B-0FDBCFD829BC}"
EndProject
Project("{FAE04EC0-301F-11D3-BF4B-00C04F79EFBC}") = "LegendArena.DataAccess", "LegendArena.DataAccess\LegendArena.DataAccess.csproj", "{6BD1939A-1050-4C67-81CB-FF9A1FA5F68A}"
EndProject
Global
	GlobalSection(SolutionConfigurationPlatforms) = preSolution
		Debug|Any CPU = Debug|Any CPU
		Release|Any CPU = Release|Any CPU
	EndGlobalSection
	GlobalSection(ProjectConfigurationPlatforms) = postSolution
		{E4C14D6E-C13A-410F-836E-036D3F99013E}.Debug|Any CPU.ActiveCfg = Debug|Any CPU
		{E4C14D6E-C13A-410F-836E-036D3F99013E}.Debug|Any CPU.Build.0 = Debug|Any CPU
		{E4C14D6E-C13A-410F-836E-036D3F99013E}.Release|Any CPU.ActiveCfg = Release|Any CPU
		{E4C14D6E-C13A-410F-836E-036D3F99013E}.Release|Any CPU.Build.0 = Release|Any CPU
		{C62920AC-63FE-48DE-B8B3-961D02B26286}.Debug|Any CPU.ActiveCfg = Debug|Any CPU
		{C62920AC-63FE-48DE-B8B3-961D02B26286}.Debug|Any CPU.Build.0 = Debug|Any CPU
		{C62920AC-63FE-48DE-B8B3-961D02B26286}.Release|Any CPU.ActiveCfg = Release|Any CPU
		{C62920AC-63FE-48DE-B8B3-961D02B26286}.Release|Any CPU.Build.0 = Release|Any CPU
		{15AE42FC-79A9-493A-A9EC-94D15CEC84C4}.Debug|Any CPU.ActiveCfg = Debug|Any CPU
		{15AE42FC-79A9-493A-A9EC-94D15CEC84C4}.Debug|Any CPU.Build.0 = Debug|Any CPU
		{15AE42FC-79A9-493A-A9EC-94D15CEC84C4}.Release|Any CPU.ActiveCfg = Release|Any CPU
		{15AE42FC-79A9-493A-A9EC-94D15CEC84C4}.Release|Any CPU.Build.0 = Release|Any CPU
		{06BAC925-67DA-4DEC-B150-8F45685B410F}.Debug|Any CPU.ActiveCfg = Debug|Any CPU
		{06BAC925-67DA-4DEC-B150-8F45685B410F}.Debug|Any CPU.Build.0 = Debug|Any CPU
		{06BAC925-67DA-4DEC-B150-8F45685B410F}.Release|Any CPU.ActiveCfg = Release|Any CPU
		{06BAC925-67DA-4DEC-B150-8F45685B410F}.Release|Any CPU.Build.0 = Release|Any CPU
		{8EE3453A-C06F-42EA-B62B-0FDBCFD829BC}.Debug|Any CPU.ActiveCfg = Debug|Any CPU
		{8EE3453A-C06F-42EA-B62B-0FDBCFD829BC}.Debug|Any CPU.Build.0 = Debug|Any CPU
		{8EE3453A-C06F-42EA-B62B-0FDBCFD829BC}.Debug|Any CPU.Deploy.0 = Debug|Any CPU
		{8EE3453A-C06F-42EA-B62B-0FDBCFD829BC}.Release|Any CPU.ActiveCfg = Release|Any CPU
		{8EE3453A-C06F-42EA-B62B-0FDBCFD829BC}.Release|Any CPU.Build.0 = Release|Any CPU
		{8EE3453A-C06F-42EA-B62B-0FDBCFD829BC}.Release|Any CPU.Deploy.0 = Release|Any CPU
		{6BD1939A-1050-4C67-81CB-FF9A1FA5F68A}.Debug|Any CPU.ActiveCfg = Debug|Any CPU
		{6BD1939A-1050-4C67-81CB-FF9A1FA5F68A}.Debug|Any CPU.Build.0 = Debug|Any CPU
		{6BD1939A-1050-4C67-81CB-FF9A1FA5F68A}.Release|Any CPU.ActiveCfg = Release|Any CPU
		{6BD1939A-1050-4C67-81CB-FF9A1FA5F68A}.Release|Any CPU.Build.0 = Release|Any CPU
	EndGlobalSection
	GlobalSection(SolutionProperties) = preSolution
		HideSolutionNode = FALSE
	EndGlobalSection
	GlobalSection(ExtensibilityGlobals) = postSolution
		SolutionGuid = {9315CA00-50AA-45C6-BFC0-C9C454FB04A8}
	EndGlobalSection
EndGlobal
